
Microsoft Visual Studio Solution File, Format Version 12.00
# Visual Studio Version 16
VisualStudioVersion = 16.0.31112.23
MinimumVisualStudioVersion = 10.0.40219.1
Project("{FAE04EC0-301F-11D3-BF4B-00C04F79EFBC}") = "Nokiu.WebApplication", "Nokiu.WebApplication\Nokiu.WebApplication.csproj", "{960D7C45-AF52-4558-AE3B-849B5CEEC0C9}"
EndProject
Project("{FAE04EC0-301F-11D3-BF4B-00C04F79EFBC}") = "Nokiu.WebApi", "Nokiu.WebApi\Nokiu.WebApi.csproj", "{3FB08823-0D49-4C1D-B8F4-992D49EBC736}"
EndProject
Project("{FAE04EC0-301F-11D3-BF4B-00C04F79EFBC}") = "Nokiu.Entities", "Nokiu.Entities\Nokiu.Entities.csproj", "{B6EEA751-F958-4454-A2BB-5669745504FB}"
EndProject
Project("{FAE04EC0-301F-11D3-BF4B-00C04F79EFBC}") = "Nokiu.Services", "Nokiu.Services\Nokiu.Services.csproj", "{BB6BFF0C-7230-4876-9770-4D06BCCFF3DF}"
EndProject
Project("{FAE04EC0-301F-11D3-BF4B-00C04F79EFBC}") = "Nokiu.Repositories", "Nokiu.Repositories\Nokiu.Repositories.csproj", "{09FFC94E-4E5B-489D-931C-B1C974FFAC8F}"
EndProject
Global
	GlobalSection(SolutionConfigurationPlatforms) = preSolution
		Debug|Any CPU = Debug|Any CPU
		Release|Any CPU = Release|Any CPU
	EndGlobalSection
	GlobalSection(ProjectConfigurationPlatforms) = postSolution
		{960D7C45-AF52-4558-AE3B-849B5CEEC0C9}.Debug|Any CPU.ActiveCfg = Debug|Any CPU
		{960D7C45-AF52-4558-AE3B-849B5CEEC0C9}.Debug|Any CPU.Build.0 = Debug|Any CPU
		{960D7C45-AF52-4558-AE3B-849B5CEEC0C9}.Release|Any CPU.ActiveCfg = Release|Any CPU
		{960D7C45-AF52-4558-AE3B-849B5CEEC0C9}.Release|Any CPU.Build.0 = Release|Any CPU
		{3FB08823-0D49-4C1D-B8F4-992D49EBC736}.Debug|Any CPU.ActiveCfg = Debug|Any CPU
		{3FB08823-0D49-4C1D-B8F4-992D49EBC736}.Debug|Any CPU.Build.0 = Debug|Any CPU
		{3FB08823-0D49-4C1D-B8F4-992D49EBC736}.Release|Any CPU.ActiveCfg = Release|Any CPU
		{3FB08823-0D49-4C1D-B8F4-992D49EBC736}.Release|Any CPU.Build.0 = Release|Any CPU
		{B6EEA751-F958-4454-A2BB-5669745504FB}.Debug|Any CPU.ActiveCfg = Debug|Any CPU
		{B6EEA751-F958-4454-A2BB-5669745504FB}.Debug|Any CPU.Build.0 = Debug|Any CPU
		{B6EEA751-F958-4454-A2BB-5669745504FB}.Release|Any CPU.ActiveCfg = Release|Any CPU
		{B6EEA751-F958-4454-A2BB-5669745504FB}.Release|Any CPU.Build.0 = Release|Any CPU
		{BB6BFF0C-7230-4876-9770-4D06BCCFF3DF}.Debug|Any CPU.ActiveCfg = Debug|Any CPU
		{BB6BFF0C-7230-4876-9770-4D06BCCFF3DF}.Debug|Any CPU.Build.0 = Debug|Any CPU
		{BB6BFF0C-7230-4876-9770-4D06BCCFF3DF}.Release|Any CPU.ActiveCfg = Release|Any CPU
		{BB6BFF0C-7230-4876-9770-4D06BCCFF3DF}.Release|Any CPU.Build.0 = Release|Any CPU
		{09FFC94E-4E5B-489D-931C-B1C974FFAC8F}.Debug|Any CPU.ActiveCfg = Debug|Any CPU
		{09FFC94E-4E5B-489D-931C-B1C974FFAC8F}.Debug|Any CPU.Build.0 = Debug|Any CPU
		{09FFC94E-4E5B-489D-931C-B1C974FFAC8F}.Release|Any CPU.ActiveCfg = Release|Any CPU
		{09FFC94E-4E5B-489D-931C-B1C974FFAC8F}.Release|Any CPU.Build.0 = Release|Any CPU
	EndGlobalSection
	GlobalSection(SolutionProperties) = preSolution
		HideSolutionNode = FALSE
	EndGlobalSection
	GlobalSection(ExtensibilityGlobals) = postSolution
		SolutionGuid = {5C4C453B-AE63-4978-AB0D-F6EB3E0FED3A}
	EndGlobalSection
EndGlobal
